
Microsoft Visual Studio Solution File, Format Version 12.00
# Visual Studio Version 17
VisualStudioVersion = 17.9.34902.65
MinimumVisualStudioVersion = 10.0.40219.1
Project("{FAE04EC0-301F-11D3-BF4B-00C04F79EFBC}") = "BeCleverApi", "BeCleverApi\BeCleverApi.csproj", "{08855A5D-A7B2-4291-86CE-62AEC036D954}"
EndProject
Global
	GlobalSection(SolutionConfigurationPlatforms) = preSolution
		Debug|Any CPU = Debug|Any CPU
		Release|Any CPU = Release|Any CPU
	EndGlobalSection
	GlobalSection(ProjectConfigurationPlatforms) = postSolution
		{08855A5D-A7B2-4291-86CE-62AEC036D954}.Debug|Any CPU.ActiveCfg = Debug|Any CPU
		{08855A5D-A7B2-4291-86CE-62AEC036D954}.Debug|Any CPU.Build.0 = Debug|Any CPU
		{08855A5D-A7B2-4291-86CE-62AEC036D954}.Release|Any CPU.ActiveCfg = Release|Any CPU
		{08855A5D-A7B2-4291-86CE-62AEC036D954}.Release|Any CPU.Build.0 = Release|Any CPU
	EndGlobalSection
	GlobalSection(SolutionProperties) = preSolution
		HideSolutionNode = FALSE
	EndGlobalSection
	GlobalSection(ExtensibilityGlobals) = postSolution
		SolutionGuid = {EA66F216-7589-440E-9CDE-091E0F97553A}
	EndGlobalSection
EndGlobal
